
Microsoft Visual Studio Solution File, Format Version 12.00
# Visual Studio 15
VisualStudioVersion = 15.0.26730.12
MinimumVisualStudioVersion = 10.0.40219.1
Project("{FAE04EC0-301F-11D3-BF4B-00C04F79EFBC}") = "ExtrSTS", "ExtrSTS\ExtrSTS.csproj", "{C1F6C98A-9A58-445C-A867-8868412D42E7}"
EndProject
Global
	GlobalSection(SolutionConfigurationPlatforms) = preSolution
		Debug|Any CPU = Debug|Any CPU
		Release|Any CPU = Release|Any CPU
	EndGlobalSection
	GlobalSection(ProjectConfigurationPlatforms) = postSolution
		{C1F6C98A-9A58-445C-A867-8868412D42E7}.Debug|Any CPU.ActiveCfg = Debug|Any CPU
		{C1F6C98A-9A58-445C-A867-8868412D42E7}.Debug|Any CPU.Build.0 = Debug|Any CPU
		{C1F6C98A-9A58-445C-A867-8868412D42E7}.Release|Any CPU.ActiveCfg = Release|Any CPU
		{C1F6C98A-9A58-445C-A867-8868412D42E7}.Release|Any CPU.Build.0 = Release|Any CPU
	EndGlobalSection
	GlobalSection(SolutionProperties) = preSolution
		HideSolutionNode = FALSE
	EndGlobalSection
	GlobalSection(ExtensibilityGlobals) = postSolution
		SolutionGuid = {0B093BD3-DCB2-43FC-859F-F904F4462A7F}
	EndGlobalSection
EndGlobal
